
Microsoft Visual Studio Solution File, Format Version 12.00
# Visual Studio Version 17
VisualStudioVersion = 17.3.32901.215
MinimumVisualStudioVersion = 10.0.40219.1
Project("{FAE04EC0-301F-11D3-BF4B-00C04F79EFBC}") = "NegosudAPI", "NegosudAPI\NegosudAPI.csproj", "{FFDF6B69-1C22-4E5E-A7BD-E2DB2A378E54}"
EndProject
Global
	GlobalSection(SolutionConfigurationPlatforms) = preSolution
		Debug|Any CPU = Debug|Any CPU
		Release|Any CPU = Release|Any CPU
	EndGlobalSection
	GlobalSection(ProjectConfigurationPlatforms) = postSolution
		{FFDF6B69-1C22-4E5E-A7BD-E2DB2A378E54}.Debug|Any CPU.ActiveCfg = Debug|Any CPU
		{FFDF6B69-1C22-4E5E-A7BD-E2DB2A378E54}.Debug|Any CPU.Build.0 = Debug|Any CPU
		{FFDF6B69-1C22-4E5E-A7BD-E2DB2A378E54}.Release|Any CPU.ActiveCfg = Release|Any CPU
		{FFDF6B69-1C22-4E5E-A7BD-E2DB2A378E54}.Release|Any CPU.Build.0 = Release|Any CPU
	EndGlobalSection
	GlobalSection(SolutionProperties) = preSolution
		HideSolutionNode = FALSE
	EndGlobalSection
	GlobalSection(ExtensibilityGlobals) = postSolution
		SolutionGuid = {A0005FAD-F2DD-4AD6-BD0F-E51AC9AB1EFD}
	EndGlobalSection
EndGlobal
