
Microsoft Visual Studio Solution File, Format Version 12.00
# Visual Studio Version 17
VisualStudioVersion = 17.3.32901.215
MinimumVisualStudioVersion = 10.0.40219.1
Project("{9A19103F-16F7-4668-BE54-9A1E7A4F7556}") = "WpfApp1", "WpfApp1\WpfApp1.csproj", "{2B8EE2E5-7121-4476-97C9-C5D84892AF23}"
EndProject
Project("{9A19103F-16F7-4668-BE54-9A1E7A4F7556}") = "Server", "Server\Server.csproj", "{DC7DF62C-D5C1-49B1-B509-6B27D35C07D7}"
EndProject
Project("{FAE04EC0-301F-11D3-BF4B-00C04F79EFBC}") = "Server.Core", "Server.Core\Server.Core.csproj", "{EB11AA04-BA43-478D-AB0B-968135C8D68A}"
EndProject
Global
	GlobalSection(SolutionConfigurationPlatforms) = preSolution
		Debug|Any CPU = Debug|Any CPU
		Release|Any CPU = Release|Any CPU
	EndGlobalSection
	GlobalSection(ProjectConfigurationPlatforms) = postSolution
		{2B8EE2E5-7121-4476-97C9-C5D84892AF23}.Debug|Any CPU.ActiveCfg = Debug|Any CPU
		{2B8EE2E5-7121-4476-97C9-C5D84892AF23}.Debug|Any CPU.Build.0 = Debug|Any CPU
		{2B8EE2E5-7121-4476-97C9-C5D84892AF23}.Release|Any CPU.ActiveCfg = Release|Any CPU
		{2B8EE2E5-7121-4476-97C9-C5D84892AF23}.Release|Any CPU.Build.0 = Release|Any CPU
		{DC7DF62C-D5C1-49B1-B509-6B27D35C07D7}.Debug|Any CPU.ActiveCfg = Debug|Any CPU
		{DC7DF62C-D5C1-49B1-B509-6B27D35C07D7}.Debug|Any CPU.Build.0 = Debug|Any CPU
		{DC7DF62C-D5C1-49B1-B509-6B27D35C07D7}.Release|Any CPU.ActiveCfg = Release|Any CPU
		{DC7DF62C-D5C1-49B1-B509-6B27D35C07D7}.Release|Any CPU.Build.0 = Release|Any CPU
		{EB11AA04-BA43-478D-AB0B-968135C8D68A}.Debug|Any CPU.ActiveCfg = Debug|Any CPU
		{EB11AA04-BA43-478D-AB0B-968135C8D68A}.Debug|Any CPU.Build.0 = Debug|Any CPU
		{EB11AA04-BA43-478D-AB0B-968135C8D68A}.Release|Any CPU.ActiveCfg = Release|Any CPU
		{EB11AA04-BA43-478D-AB0B-968135C8D68A}.Release|Any CPU.Build.0 = Release|Any CPU
	EndGlobalSection
	GlobalSection(SolutionProperties) = preSolution
		HideSolutionNode = FALSE
	EndGlobalSection
	GlobalSection(ExtensibilityGlobals) = postSolution
		SolutionGuid = {7200480F-76F0-41EB-92CF-659BA27EE02B}
	EndGlobalSection
EndGlobal
