
Microsoft Visual Studio Solution File, Format Version 12.00
# Visual Studio Version 17
VisualStudioVersion = 17.4.33213.308
MinimumVisualStudioVersion = 10.0.40219.1
Project("{9A19103F-16F7-4668-BE54-9A1E7A4F7556}") = "HierarchieTestWPF", "HierarchieTestWPF.csproj", "{61231A68-5779-4D5E-9A1D-BC81C288A49F}"
EndProject
Project("{9A19103F-16F7-4668-BE54-9A1E7A4F7556}") = "MVVMTest", "..\MVVMTest\MVVMTest.csproj", "{A6FB675B-E2E0-4EC9-81A6-5516E336CD63}"
EndProject
Project("{FAE04EC0-301F-11D3-BF4B-00C04F79EFBC}") = "MVVMTest2", "..\MVVMTest2\MVVMTest2.csproj", "{524161A3-1298-4FBE-A4D8-B24A3CDE89C1}"
EndProject
Global
	GlobalSection(SolutionConfigurationPlatforms) = preSolution
		Debug|Any CPU = Debug|Any CPU
		Release|Any CPU = Release|Any CPU
	EndGlobalSection
	GlobalSection(ProjectConfigurationPlatforms) = postSolution
		{61231A68-5779-4D5E-9A1D-BC81C288A49F}.Debug|Any CPU.ActiveCfg = Debug|Any CPU
		{61231A68-5779-4D5E-9A1D-BC81C288A49F}.Debug|Any CPU.Build.0 = Debug|Any CPU
		{61231A68-5779-4D5E-9A1D-BC81C288A49F}.Release|Any CPU.ActiveCfg = Release|Any CPU
		{61231A68-5779-4D5E-9A1D-BC81C288A49F}.Release|Any CPU.Build.0 = Release|Any CPU
		{A6FB675B-E2E0-4EC9-81A6-5516E336CD63}.Debug|Any CPU.ActiveCfg = Debug|Any CPU
		{A6FB675B-E2E0-4EC9-81A6-5516E336CD63}.Debug|Any CPU.Build.0 = Debug|Any CPU
		{A6FB675B-E2E0-4EC9-81A6-5516E336CD63}.Release|Any CPU.ActiveCfg = Release|Any CPU
		{A6FB675B-E2E0-4EC9-81A6-5516E336CD63}.Release|Any CPU.Build.0 = Release|Any CPU
		{524161A3-1298-4FBE-A4D8-B24A3CDE89C1}.Debug|Any CPU.ActiveCfg = Debug|Any CPU
		{524161A3-1298-4FBE-A4D8-B24A3CDE89C1}.Debug|Any CPU.Build.0 = Debug|Any CPU
		{524161A3-1298-4FBE-A4D8-B24A3CDE89C1}.Release|Any CPU.ActiveCfg = Release|Any CPU
		{524161A3-1298-4FBE-A4D8-B24A3CDE89C1}.Release|Any CPU.Build.0 = Release|Any CPU
	EndGlobalSection
	GlobalSection(SolutionProperties) = preSolution
		HideSolutionNode = FALSE
	EndGlobalSection
	GlobalSection(ExtensibilityGlobals) = postSolution
		SolutionGuid = {F40AFE12-017B-4F98-B87C-6C5E45278C77}
	EndGlobalSection
EndGlobal
